
Microsoft Visual Studio Solution File, Format Version 12.00
# Visual Studio Version 17
VisualStudioVersion = 17.0.31903.59
MinimumVisualStudioVersion = 10.0.40219.1
Project("{FAE04EC0-301F-11D3-BF4B-00C04F79EFBC}") = "Chickensoft.SuperNodes", "SuperNodes\Chickensoft.SuperNodes.csproj", "{7BD5783F-3042-41E4-A398-DD4CEC6522B5}"
EndProject
Project("{FAE04EC0-301F-11D3-BF4B-00C04F79EFBC}") = "SuperNodes.Tests", "SuperNodes.Tests\SuperNodes.Tests.csproj", "{52980ED7-7DB7-4EAD-92C5-CBB051B7E529}"
EndProject
Project("{FAE04EC0-301F-11D3-BF4B-00C04F79EFBC}") = "SuperNodes.TestCases", "SuperNodes.TestCases\SuperNodes.TestCases.csproj", "{58C0A5AE-991C-48A0-B4FD-975511872941}"
EndProject
Global
	GlobalSection(SolutionConfigurationPlatforms) = preSolution
		Debug|Any CPU = Debug|Any CPU
		Release|Any CPU = Release|Any CPU
	EndGlobalSection
	GlobalSection(SolutionProperties) = preSolution
		HideSolutionNode = FALSE
	EndGlobalSection
	GlobalSection(ProjectConfigurationPlatforms) = postSolution
		{7BD5783F-3042-41E4-A398-DD4CEC6522B5}.Debug|Any CPU.ActiveCfg = Debug|Any CPU
		{7BD5783F-3042-41E4-A398-DD4CEC6522B5}.Debug|Any CPU.Build.0 = Debug|Any CPU
		{7BD5783F-3042-41E4-A398-DD4CEC6522B5}.Release|Any CPU.ActiveCfg = Release|Any CPU
		{7BD5783F-3042-41E4-A398-DD4CEC6522B5}.Release|Any CPU.Build.0 = Release|Any CPU
		{52980ED7-7DB7-4EAD-92C5-CBB051B7E529}.Debug|Any CPU.ActiveCfg = Debug|Any CPU
		{52980ED7-7DB7-4EAD-92C5-CBB051B7E529}.Debug|Any CPU.Build.0 = Debug|Any CPU
		{52980ED7-7DB7-4EAD-92C5-CBB051B7E529}.Release|Any CPU.ActiveCfg = Release|Any CPU
		{52980ED7-7DB7-4EAD-92C5-CBB051B7E529}.Release|Any CPU.Build.0 = Release|Any CPU
		{58C0A5AE-991C-48A0-B4FD-975511872941}.Debug|Any CPU.ActiveCfg = Debug|Any CPU
		{58C0A5AE-991C-48A0-B4FD-975511872941}.Debug|Any CPU.Build.0 = Debug|Any CPU
		{58C0A5AE-991C-48A0-B4FD-975511872941}.Release|Any CPU.ActiveCfg = Debug|Any CPU
		{58C0A5AE-991C-48A0-B4FD-975511872941}.Release|Any CPU.Build.0 = Debug|Any CPU
	EndGlobalSection
EndGlobal
