Microsoft Visual Studio Solution File, Format Version 12.00
# Visual Studio 2012
Project("{FAE04EC0-301F-11D3-BF4B-00C04F79EFBC}") = "SuperNodes.Example", "SuperNodes.Example.csproj", "{7C746327-228E-4720-98C5-9CF0F1BE646F}"
EndProject
Global
	GlobalSection(SolutionConfigurationPlatforms) = preSolution
	Debug|Any CPU = Debug|Any CPU
	ExportDebug|Any CPU = ExportDebug|Any CPU
	ExportRelease|Any CPU = ExportRelease|Any CPU
	EndGlobalSection
	GlobalSection(ProjectConfigurationPlatforms) = postSolution
		{7C746327-228E-4720-98C5-9CF0F1BE646F}.Debug|Any CPU.ActiveCfg = Debug|Any CPU
		{7C746327-228E-4720-98C5-9CF0F1BE646F}.Debug|Any CPU.Build.0 = Debug|Any CPU
		{7C746327-228E-4720-98C5-9CF0F1BE646F}.ExportDebug|Any CPU.ActiveCfg = ExportDebug|Any CPU
		{7C746327-228E-4720-98C5-9CF0F1BE646F}.ExportDebug|Any CPU.Build.0 = ExportDebug|Any CPU
		{7C746327-228E-4720-98C5-9CF0F1BE646F}.ExportRelease|Any CPU.ActiveCfg = ExportRelease|Any CPU
		{7C746327-228E-4720-98C5-9CF0F1BE646F}.ExportRelease|Any CPU.Build.0 = ExportRelease|Any CPU
	EndGlobalSection
EndGlobal
